<?xml version="1.0" encoding="UTF-8"?>
<CodeBlocks_project_file>
	<FileVersion major="1" minor="6"/>
	<Project>
		<Option title="IRC"/>
		<Option makefile_is_custom="1"/>
		<Option compiler="gcc"/>
		<Option virtualFolders="CMake Files\;"/>
		<Build>
			<Target title="all">
				<Option working_dir="/home/virzen/Workspace/irc/Debug"/>
				<Option type="4"/>
				<MakeCommands>
					<Build command="/usr/bin/make -j8 -f &quot;/home/virzen/Workspace/irc/Debug/Makefile&quot;  VERBOSE=1 all"/>
					<CompileFile command="/usr/bin/make -j8 -f &quot;/home/virzen/Workspace/irc/Debug/Makefile&quot;  VERBOSE=1 &quot;$file&quot;"/>
					<Clean command="/usr/bin/make -j8 -f &quot;/home/virzen/Workspace/irc/Debug/Makefile&quot;  VERBOSE=1 clean"/>
					<DistClean command="/usr/bin/make -j8 -f &quot;/home/virzen/Workspace/irc/Debug/Makefile&quot;  VERBOSE=1 clean"/>
				</MakeCommands>
			</Target>
			<Target title="rebuild_cache">
				<Option working_dir="/home/virzen/Workspace/irc/Debug"/>
				<Option type="4"/>
				<MakeCommands>
					<Build command="/usr/bin/make -j8 -f &quot;/home/virzen/Workspace/irc/Debug/Makefile&quot;  VERBOSE=1 rebuild_cache"/>
					<CompileFile command="/usr/bin/make -j8 -f &quot;/home/virzen/Workspace/irc/Debug/Makefile&quot;  VERBOSE=1 &quot;$file&quot;"/>
					<Clean command="/usr/bin/make -j8 -f &quot;/home/virzen/Workspace/irc/Debug/Makefile&quot;  VERBOSE=1 clean"/>
					<DistClean command="/usr/bin/make -j8 -f &quot;/home/virzen/Workspace/irc/Debug/Makefile&quot;  VERBOSE=1 clean"/>
				</MakeCommands>
			</Target>
			<Target title="IRC_SERVER">
				<Option output="/home/virzen/Workspace/irc/Debug/IRC_SERVER" prefix_auto="0" extension_auto="0"/>
				<Option working_dir="/home/virzen/Workspace/irc/Debug"/>
				<Option object_output="./"/>
				<Option type="1"/>
				<Option compiler="gcc"/>
				<Compiler>
					<Add directory="/usr/include/c++/7"/>
					<Add directory="/usr/include/x86_64-linux-gnu/c++/7"/>
					<Add directory="/usr/include/c++/7/backward"/>
					<Add directory="/usr/lib/gcc/x86_64-linux-gnu/7/include"/>
					<Add directory="/usr/local/include"/>
					<Add directory="/usr/lib/gcc/x86_64-linux-gnu/7/include-fixed"/>
					<Add directory="/usr/include/x86_64-linux-gnu"/>
					<Add directory="/usr/include"/>
				</Compiler>
				<MakeCommands>
					<Build command="/usr/bin/make -j8 -f &quot;/home/virzen/Workspace/irc/Debug/Makefile&quot;  VERBOSE=1 IRC_SERVER"/>
					<CompileFile command="/usr/bin/make -j8 -f &quot;/home/virzen/Workspace/irc/Debug/Makefile&quot;  VERBOSE=1 &quot;$file&quot;"/>
					<Clean command="/usr/bin/make -j8 -f &quot;/home/virzen/Workspace/irc/Debug/Makefile&quot;  VERBOSE=1 clean"/>
					<DistClean command="/usr/bin/make -j8 -f &quot;/home/virzen/Workspace/irc/Debug/Makefile&quot;  VERBOSE=1 clean"/>
				</MakeCommands>
			</Target>
			<Target title="IRC_SERVER/fast">
				<Option output="/home/virzen/Workspace/irc/Debug/IRC_SERVER" prefix_auto="0" extension_auto="0"/>
				<Option working_dir="/home/virzen/Workspace/irc/Debug"/>
				<Option object_output="./"/>
				<Option type="1"/>
				<Option compiler="gcc"/>
				<Compiler>
					<Add directory="/usr/include/c++/7"/>
					<Add directory="/usr/include/x86_64-linux-gnu/c++/7"/>
					<Add directory="/usr/include/c++/7/backward"/>
					<Add directory="/usr/lib/gcc/x86_64-linux-gnu/7/include"/>
					<Add directory="/usr/local/include"/>
					<Add directory="/usr/lib/gcc/x86_64-linux-gnu/7/include-fixed"/>
					<Add directory="/usr/include/x86_64-linux-gnu"/>
					<Add directory="/usr/include"/>
				</Compiler>
				<MakeCommands>
					<Build command="/usr/bin/make -j8 -f &quot;/home/virzen/Workspace/irc/Debug/Makefile&quot;  VERBOSE=1 IRC_SERVER/fast"/>
					<CompileFile command="/usr/bin/make -j8 -f &quot;/home/virzen/Workspace/irc/Debug/Makefile&quot;  VERBOSE=1 &quot;$file&quot;"/>
					<Clean command="/usr/bin/make -j8 -f &quot;/home/virzen/Workspace/irc/Debug/Makefile&quot;  VERBOSE=1 clean"/>
					<DistClean command="/usr/bin/make -j8 -f &quot;/home/virzen/Workspace/irc/Debug/Makefile&quot;  VERBOSE=1 clean"/>
				</MakeCommands>
			</Target>
			<Target title="edit_cache">
				<Option working_dir="/home/virzen/Workspace/irc/Debug"/>
				<Option type="4"/>
				<MakeCommands>
					<Build command="/usr/bin/make -j8 -f &quot;/home/virzen/Workspace/irc/Debug/Makefile&quot;  VERBOSE=1 edit_cache"/>
					<CompileFile command="/usr/bin/make -j8 -f &quot;/home/virzen/Workspace/irc/Debug/Makefile&quot;  VERBOSE=1 &quot;$file&quot;"/>
					<Clean command="/usr/bin/make -j8 -f &quot;/home/virzen/Workspace/irc/Debug/Makefile&quot;  VERBOSE=1 clean"/>
					<DistClean command="/usr/bin/make -j8 -f &quot;/home/virzen/Workspace/irc/Debug/Makefile&quot;  VERBOSE=1 clean"/>
				</MakeCommands>
			</Target>
		</Build>
		<Unit filename="/home/virzen/Workspace/irc/src/connection_accepter/connection_accepter.cpp">
			<Option target="IRC_SERVER"/>
		</Unit>
		<Unit filename="/home/virzen/Workspace/irc/src/connection_accepter/connection_accepter.h">
			<Option target="IRC_SERVER"/>
		</Unit>
		<Unit filename="/home/virzen/Workspace/irc/src/error/error.cpp">
			<Option target="IRC_SERVER"/>
		</Unit>
		<Unit filename="/home/virzen/Workspace/irc/src/error/error.h">
			<Option target="IRC_SERVER"/>
		</Unit>
		<Unit filename="/home/virzen/Workspace/irc/src/main.cpp">
			<Option target="IRC_SERVER"/>
		</Unit>
		<Unit filename="/home/virzen/Workspace/irc/src/message/Message.cpp">
			<Option target="IRC_SERVER"/>
		</Unit>
		<Unit filename="/home/virzen/Workspace/irc/src/message/Message.h">
			<Option target="IRC_SERVER"/>
		</Unit>
		<Unit filename="/home/virzen/Workspace/irc/src/message_handler/MessageHandler.cpp">
			<Option target="IRC_SERVER"/>
		</Unit>
		<Unit filename="/home/virzen/Workspace/irc/src/message_handler/MessageHandler.h">
			<Option target="IRC_SERVER"/>
		</Unit>
		<Unit filename="/home/virzen/Workspace/irc/src/multiplexer/multiplexer.cpp">
			<Option target="IRC_SERVER"/>
		</Unit>
		<Unit filename="/home/virzen/Workspace/irc/src/multiplexer/multiplexer.h">
			<Option target="IRC_SERVER"/>
		</Unit>
		<Unit filename="/home/virzen/Workspace/irc/src/read_message_in_progress/ReadMessageBuffer.cpp">
			<Option target="IRC_SERVER"/>
		</Unit>
		<Unit filename="/home/virzen/Workspace/irc/src/read_message_in_progress/ReadMessageBuffer.h">
			<Option target="IRC_SERVER"/>
		</Unit>
		<Unit filename="/home/virzen/Workspace/irc/src/server/server.cpp">
			<Option target="IRC_SERVER"/>
		</Unit>
		<Unit filename="/home/virzen/Workspace/irc/src/server/server.h">
			<Option target="IRC_SERVER"/>
		</Unit>
		<Unit filename="/home/virzen/Workspace/irc/src/types.h">
			<Option target="IRC_SERVER"/>
		</Unit>
		<Unit filename="/home/virzen/Workspace/irc/src/written_message_in_progress/WrittenMessageBuffer.cpp">
			<Option target="IRC_SERVER"/>
		</Unit>
		<Unit filename="/home/virzen/Workspace/irc/src/written_message_in_progress/WrittenMessageBuffer.h">
			<Option target="IRC_SERVER"/>
		</Unit>
		<Unit filename="/home/virzen/Workspace/irc/CMakeLists.txt">
			<Option virtualFolder="CMake Files\"/>
		</Unit>
	</Project>
</CodeBlocks_project_file>
